
Microsoft Visual Studio Solution File, Format Version 12.00
# Visual Studio 2013
VisualStudioVersion = 12.0.40629.0
MinimumVisualStudioVersion = 10.0.40219.1
Project("{FAE04EC0-301F-11D3-BF4B-00C04F79EFBC}") = "CounterApp", "CounterApp\CounterApp.csproj", "{836E4397-DBA2-4F6C-B04C-8FA8C7ACFEC0}"
EndProject
Project("{FAE04EC0-301F-11D3-BF4B-00C04F79EFBC}") = "InteractionsWebApi", "InteractionsWebApi\InteractionsWebApi.csproj", "{F030D2E5-B496-4358-B735-36DB109FC988}"
EndProject
Global
	GlobalSection(SolutionConfigurationPlatforms) = preSolution
		Debug|Any CPU = Debug|Any CPU
		Release|Any CPU = Release|Any CPU
	EndGlobalSection
	GlobalSection(ProjectConfigurationPlatforms) = postSolution
		{836E4397-DBA2-4F6C-B04C-8FA8C7ACFEC0}.Debug|Any CPU.ActiveCfg = Debug|Any CPU
		{836E4397-DBA2-4F6C-B04C-8FA8C7ACFEC0}.Debug|Any CPU.Build.0 = Debug|Any CPU
		{836E4397-DBA2-4F6C-B04C-8FA8C7ACFEC0}.Release|Any CPU.ActiveCfg = Release|Any CPU
		{836E4397-DBA2-4F6C-B04C-8FA8C7ACFEC0}.Release|Any CPU.Build.0 = Release|Any CPU
		{F030D2E5-B496-4358-B735-36DB109FC988}.Debug|Any CPU.ActiveCfg = Debug|Any CPU
		{F030D2E5-B496-4358-B735-36DB109FC988}.Debug|Any CPU.Build.0 = Debug|Any CPU
		{F030D2E5-B496-4358-B735-36DB109FC988}.Release|Any CPU.ActiveCfg = Release|Any CPU
		{F030D2E5-B496-4358-B735-36DB109FC988}.Release|Any CPU.Build.0 = Release|Any CPU
	EndGlobalSection
	GlobalSection(SolutionProperties) = preSolution
		HideSolutionNode = FALSE
	EndGlobalSection
EndGlobal
